
Microsoft Visual Studio Solution File, Format Version 12.00
# Visual Studio 15
VisualStudioVersion = 15.0.26430.16
MinimumVisualStudioVersion = 10.0.40219.1
Project("{FAE04EC0-301F-11D3-BF4B-00C04F79EFBC}") = "UniDb2", "..\..\..\UniDb2\Projects\UniDb2\UniDb2.csproj", "{045BE1B8-6625-4CF1-B5B2-7D60E4D4165D}"
EndProject
Project("{FAE04EC0-301F-11D3-BF4B-00C04F79EFBC}") = "WaterSimDCDC_Controls_Dotspatial", "..\..\..\WaterSimDCDC_Controls_Dotspatial\WaterSimDCDC_Controls_Dotspatial\WaterSimDCDC_Controls_Dotspatial.csproj", "{DBEB60FE-81CF-4D1B-B125-8A5866495396}"
EndProject
Project("{FAE04EC0-301F-11D3-BF4B-00C04F79EFBC}") = "WaterSimDCDC_Visual", "..\..\..\WaterSimDCDC_Controls_Visual\WaterSimDCDC_Visual_Controls\WaterSimDCDC_Visual.csproj", "{4F77A301-EB1D-42D5-948B-0C7A6B6C5F4E}"
EndProject
Project("{FAE04EC0-301F-11D3-BF4B-00C04F79EFBC}") = "Sankey2", "..\..\..\Sankey\Sankey2.csproj", "{2F149E04-D5FE-47C2-9D12-FB9835B1EBDD}"
EndProject
Project("{FAE04EC0-301F-11D3-BF4B-00C04F79EFBC}") = "SankeyPanel", "..\..\..\SankeyPanel\SankeyPanel.csproj", "{081653E8-3E59-4BAC-ADB9-7D976978D023}"
EndProject
Project("{FAE04EC0-301F-11D3-BF4B-00C04F79EFBC}") = "QuayControls", "..\..\..\QuayControls\QuayControls.csproj", "{B70B0398-F32E-4332-B042-30095CB900DA}"
EndProject
Project("{FAE04EC0-301F-11D3-BF4B-00C04F79EFBC}") = "WaterSim_WestStates_SIO_DB_v 2", "..\..\..\Base_SIO_DB_West\WaterSim_WestStates_SIO_DB_v 2.csproj", "{4D5EA687-AE5F-4976-A42E-ABE1067B0731}"
EndProject
Project("{FAE04EC0-301F-11D3-BF4B-00C04F79EFBC}") = "TreeViewInputs", "..\..\..\TreeViewInputs\TreeViewInputs.csproj", "{13D19B05-893A-49DD-9695-E59D01C38BBE}"
EndProject
Project("{FAE04EC0-301F-11D3-BF4B-00C04F79EFBC}") = "WaterSim_Tester", "..\..\..\WaterSim_Tester\WaterSim_Tester.csproj", "{0837DA9A-F88D-472A-8174-FA1DF6CEA8F6}"
EndProject
Global
	GlobalSection(SolutionConfigurationPlatforms) = preSolution
		Debug|Any CPU = Debug|Any CPU
		Debug|Mixed Platforms = Debug|Mixed Platforms
		Debug|x86 = Debug|x86
		Release|Any CPU = Release|Any CPU
		Release|Mixed Platforms = Release|Mixed Platforms
		Release|x86 = Release|x86
	EndGlobalSection
	GlobalSection(ProjectConfigurationPlatforms) = postSolution
		{045BE1B8-6625-4CF1-B5B2-7D60E4D4165D}.Debug|Any CPU.ActiveCfg = Debug|Any CPU
		{045BE1B8-6625-4CF1-B5B2-7D60E4D4165D}.Debug|Any CPU.Build.0 = Debug|Any CPU
		{045BE1B8-6625-4CF1-B5B2-7D60E4D4165D}.Debug|Mixed Platforms.ActiveCfg = Debug|Any CPU
		{045BE1B8-6625-4CF1-B5B2-7D60E4D4165D}.Debug|Mixed Platforms.Build.0 = Debug|Any CPU
		{045BE1B8-6625-4CF1-B5B2-7D60E4D4165D}.Debug|x86.ActiveCfg = Debug|Any CPU
		{045BE1B8-6625-4CF1-B5B2-7D60E4D4165D}.Release|Any CPU.ActiveCfg = Release|Any CPU
		{045BE1B8-6625-4CF1-B5B2-7D60E4D4165D}.Release|Any CPU.Build.0 = Release|Any CPU
		{045BE1B8-6625-4CF1-B5B2-7D60E4D4165D}.Release|Mixed Platforms.ActiveCfg = Release|Any CPU
		{045BE1B8-6625-4CF1-B5B2-7D60E4D4165D}.Release|Mixed Platforms.Build.0 = Release|Any CPU
		{045BE1B8-6625-4CF1-B5B2-7D60E4D4165D}.Release|x86.ActiveCfg = Release|Any CPU
		{DBEB60FE-81CF-4D1B-B125-8A5866495396}.Debug|Any CPU.ActiveCfg = Debug|Any CPU
		{DBEB60FE-81CF-4D1B-B125-8A5866495396}.Debug|Any CPU.Build.0 = Debug|Any CPU
		{DBEB60FE-81CF-4D1B-B125-8A5866495396}.Debug|Mixed Platforms.ActiveCfg = Debug|Any CPU
		{DBEB60FE-81CF-4D1B-B125-8A5866495396}.Debug|Mixed Platforms.Build.0 = Debug|Any CPU
		{DBEB60FE-81CF-4D1B-B125-8A5866495396}.Debug|x86.ActiveCfg = Debug|Any CPU
		{DBEB60FE-81CF-4D1B-B125-8A5866495396}.Release|Any CPU.ActiveCfg = Release|Any CPU
		{DBEB60FE-81CF-4D1B-B125-8A5866495396}.Release|Any CPU.Build.0 = Release|Any CPU
		{DBEB60FE-81CF-4D1B-B125-8A5866495396}.Release|Mixed Platforms.ActiveCfg = Release|Any CPU
		{DBEB60FE-81CF-4D1B-B125-8A5866495396}.Release|Mixed Platforms.Build.0 = Release|Any CPU
		{DBEB60FE-81CF-4D1B-B125-8A5866495396}.Release|x86.ActiveCfg = Release|Any CPU
		{4F77A301-EB1D-42D5-948B-0C7A6B6C5F4E}.Debug|Any CPU.ActiveCfg = Debug|Any CPU
		{4F77A301-EB1D-42D5-948B-0C7A6B6C5F4E}.Debug|Any CPU.Build.0 = Debug|Any CPU
		{4F77A301-EB1D-42D5-948B-0C7A6B6C5F4E}.Debug|Mixed Platforms.ActiveCfg = Debug|Any CPU
		{4F77A301-EB1D-42D5-948B-0C7A6B6C5F4E}.Debug|Mixed Platforms.Build.0 = Debug|Any CPU
		{4F77A301-EB1D-42D5-948B-0C7A6B6C5F4E}.Debug|x86.ActiveCfg = Debug|Any CPU
		{4F77A301-EB1D-42D5-948B-0C7A6B6C5F4E}.Release|Any CPU.ActiveCfg = Release|Any CPU
		{4F77A301-EB1D-42D5-948B-0C7A6B6C5F4E}.Release|Any CPU.Build.0 = Release|Any CPU
		{4F77A301-EB1D-42D5-948B-0C7A6B6C5F4E}.Release|Mixed Platforms.ActiveCfg = Release|Any CPU
		{4F77A301-EB1D-42D5-948B-0C7A6B6C5F4E}.Release|Mixed Platforms.Build.0 = Release|Any CPU
		{4F77A301-EB1D-42D5-948B-0C7A6B6C5F4E}.Release|x86.ActiveCfg = Release|Any CPU
		{2F149E04-D5FE-47C2-9D12-FB9835B1EBDD}.Debug|Any CPU.ActiveCfg = Debug|Any CPU
		{2F149E04-D5FE-47C2-9D12-FB9835B1EBDD}.Debug|Any CPU.Build.0 = Debug|Any CPU
		{2F149E04-D5FE-47C2-9D12-FB9835B1EBDD}.Debug|Mixed Platforms.ActiveCfg = Debug|Any CPU
		{2F149E04-D5FE-47C2-9D12-FB9835B1EBDD}.Debug|Mixed Platforms.Build.0 = Debug|Any CPU
		{2F149E04-D5FE-47C2-9D12-FB9835B1EBDD}.Debug|x86.ActiveCfg = Debug|Any CPU
		{2F149E04-D5FE-47C2-9D12-FB9835B1EBDD}.Release|Any CPU.ActiveCfg = Release|Any CPU
		{2F149E04-D5FE-47C2-9D12-FB9835B1EBDD}.Release|Any CPU.Build.0 = Release|Any CPU
		{2F149E04-D5FE-47C2-9D12-FB9835B1EBDD}.Release|Mixed Platforms.ActiveCfg = Release|Any CPU
		{2F149E04-D5FE-47C2-9D12-FB9835B1EBDD}.Release|Mixed Platforms.Build.0 = Release|Any CPU
		{2F149E04-D5FE-47C2-9D12-FB9835B1EBDD}.Release|x86.ActiveCfg = Release|Any CPU
		{081653E8-3E59-4BAC-ADB9-7D976978D023}.Debug|Any CPU.ActiveCfg = Debug|Any CPU
		{081653E8-3E59-4BAC-ADB9-7D976978D023}.Debug|Any CPU.Build.0 = Debug|Any CPU
		{081653E8-3E59-4BAC-ADB9-7D976978D023}.Debug|Mixed Platforms.ActiveCfg = Debug|Any CPU
		{081653E8-3E59-4BAC-ADB9-7D976978D023}.Debug|Mixed Platforms.Build.0 = Debug|Any CPU
		{081653E8-3E59-4BAC-ADB9-7D976978D023}.Debug|x86.ActiveCfg = Debug|Any CPU
		{081653E8-3E59-4BAC-ADB9-7D976978D023}.Debug|x86.Build.0 = Debug|Any CPU
		{081653E8-3E59-4BAC-ADB9-7D976978D023}.Release|Any CPU.ActiveCfg = Release|Any CPU
		{081653E8-3E59-4BAC-ADB9-7D976978D023}.Release|Any CPU.Build.0 = Release|Any CPU
		{081653E8-3E59-4BAC-ADB9-7D976978D023}.Release|Mixed Platforms.ActiveCfg = Release|Any CPU
		{081653E8-3E59-4BAC-ADB9-7D976978D023}.Release|Mixed Platforms.Build.0 = Release|Any CPU
		{081653E8-3E59-4BAC-ADB9-7D976978D023}.Release|x86.ActiveCfg = Release|Any CPU
		{081653E8-3E59-4BAC-ADB9-7D976978D023}.Release|x86.Build.0 = Release|Any CPU
		{B70B0398-F32E-4332-B042-30095CB900DA}.Debug|Any CPU.ActiveCfg = Debug|Any CPU
		{B70B0398-F32E-4332-B042-30095CB900DA}.Debug|Any CPU.Build.0 = Debug|Any CPU
		{B70B0398-F32E-4332-B042-30095CB900DA}.Debug|Mixed Platforms.ActiveCfg = Debug|Any CPU
		{B70B0398-F32E-4332-B042-30095CB900DA}.Debug|Mixed Platforms.Build.0 = Debug|Any CPU
		{B70B0398-F32E-4332-B042-30095CB900DA}.Debug|x86.ActiveCfg = Debug|Any CPU
		{B70B0398-F32E-4332-B042-30095CB900DA}.Debug|x86.Build.0 = Debug|Any CPU
		{B70B0398-F32E-4332-B042-30095CB900DA}.Release|Any CPU.ActiveCfg = Release|Any CPU
		{B70B0398-F32E-4332-B042-30095CB900DA}.Release|Any CPU.Build.0 = Release|Any CPU
		{B70B0398-F32E-4332-B042-30095CB900DA}.Release|Mixed Platforms.ActiveCfg = Release|Any CPU
		{B70B0398-F32E-4332-B042-30095CB900DA}.Release|Mixed Platforms.Build.0 = Release|Any CPU
		{B70B0398-F32E-4332-B042-30095CB900DA}.Release|x86.ActiveCfg = Release|Any CPU
		{B70B0398-F32E-4332-B042-30095CB900DA}.Release|x86.Build.0 = Release|Any CPU
		{4D5EA687-AE5F-4976-A42E-ABE1067B0731}.Debug|Any CPU.ActiveCfg = Debug|Any CPU
		{4D5EA687-AE5F-4976-A42E-ABE1067B0731}.Debug|Any CPU.Build.0 = Debug|Any CPU
		{4D5EA687-AE5F-4976-A42E-ABE1067B0731}.Debug|Mixed Platforms.ActiveCfg = Debug|Any CPU
		{4D5EA687-AE5F-4976-A42E-ABE1067B0731}.Debug|Mixed Platforms.Build.0 = Debug|Any CPU
		{4D5EA687-AE5F-4976-A42E-ABE1067B0731}.Debug|x86.ActiveCfg = Debug|Any CPU
		{4D5EA687-AE5F-4976-A42E-ABE1067B0731}.Debug|x86.Build.0 = Debug|Any CPU
		{4D5EA687-AE5F-4976-A42E-ABE1067B0731}.Release|Any CPU.ActiveCfg = Release|Any CPU
		{4D5EA687-AE5F-4976-A42E-ABE1067B0731}.Release|Any CPU.Build.0 = Release|Any CPU
		{4D5EA687-AE5F-4976-A42E-ABE1067B0731}.Release|Mixed Platforms.ActiveCfg = Release|Any CPU
		{4D5EA687-AE5F-4976-A42E-ABE1067B0731}.Release|Mixed Platforms.Build.0 = Release|Any CPU
		{4D5EA687-AE5F-4976-A42E-ABE1067B0731}.Release|x86.ActiveCfg = Release|Any CPU
		{4D5EA687-AE5F-4976-A42E-ABE1067B0731}.Release|x86.Build.0 = Release|Any CPU
		{13D19B05-893A-49DD-9695-E59D01C38BBE}.Debug|Any CPU.ActiveCfg = Debug|Any CPU
		{13D19B05-893A-49DD-9695-E59D01C38BBE}.Debug|Any CPU.Build.0 = Debug|Any CPU
		{13D19B05-893A-49DD-9695-E59D01C38BBE}.Debug|Mixed Platforms.ActiveCfg = Debug|Any CPU
		{13D19B05-893A-49DD-9695-E59D01C38BBE}.Debug|Mixed Platforms.Build.0 = Debug|Any CPU
		{13D19B05-893A-49DD-9695-E59D01C38BBE}.Debug|x86.ActiveCfg = Debug|Any CPU
		{13D19B05-893A-49DD-9695-E59D01C38BBE}.Debug|x86.Build.0 = Debug|Any CPU
		{13D19B05-893A-49DD-9695-E59D01C38BBE}.Release|Any CPU.ActiveCfg = Release|Any CPU
		{13D19B05-893A-49DD-9695-E59D01C38BBE}.Release|Any CPU.Build.0 = Release|Any CPU
		{13D19B05-893A-49DD-9695-E59D01C38BBE}.Release|Mixed Platforms.ActiveCfg = Release|Any CPU
		{13D19B05-893A-49DD-9695-E59D01C38BBE}.Release|Mixed Platforms.Build.0 = Release|Any CPU
		{13D19B05-893A-49DD-9695-E59D01C38BBE}.Release|x86.ActiveCfg = Release|Any CPU
		{13D19B05-893A-49DD-9695-E59D01C38BBE}.Release|x86.Build.0 = Release|Any CPU
		{0837DA9A-F88D-472A-8174-FA1DF6CEA8F6}.Debug|Any CPU.ActiveCfg = Debug|x86
		{0837DA9A-F88D-472A-8174-FA1DF6CEA8F6}.Debug|Mixed Platforms.ActiveCfg = Debug|x86
		{0837DA9A-F88D-472A-8174-FA1DF6CEA8F6}.Debug|Mixed Platforms.Build.0 = Debug|x86
		{0837DA9A-F88D-472A-8174-FA1DF6CEA8F6}.Debug|x86.ActiveCfg = Debug|x86
		{0837DA9A-F88D-472A-8174-FA1DF6CEA8F6}.Debug|x86.Build.0 = Debug|x86
		{0837DA9A-F88D-472A-8174-FA1DF6CEA8F6}.Release|Any CPU.ActiveCfg = Release|x86
		{0837DA9A-F88D-472A-8174-FA1DF6CEA8F6}.Release|Mixed Platforms.ActiveCfg = Release|x86
		{0837DA9A-F88D-472A-8174-FA1DF6CEA8F6}.Release|Mixed Platforms.Build.0 = Release|x86
		{0837DA9A-F88D-472A-8174-FA1DF6CEA8F6}.Release|x86.ActiveCfg = Release|x86
		{0837DA9A-F88D-472A-8174-FA1DF6CEA8F6}.Release|x86.Build.0 = Release|x86
	EndGlobalSection
	GlobalSection(SolutionProperties) = preSolution
		HideSolutionNode = FALSE
	EndGlobalSection
EndGlobal
